
Microsoft Visual Studio Solution File, Format Version 12.00
# Visual Studio 2013
VisualStudioVersion = 12.0.21005.1
MinimumVisualStudioVersion = 10.0.40219.1
Project("{FAE04EC0-301F-11D3-BF4B-00C04F79EFBC}") = "PonyMLR", "Desktop\PonyMLR\PonyMLR.csproj", "{49DF6AED-5278-476D-A748-5C413284E007}"
	ProjectSection(ProjectDependencies) = postProject
		{DD146A7D-01AE-44D7-B4BF-3182FE3B12C2} = {DD146A7D-01AE-44D7-B4BF-3182FE3B12C2}
		{198CB8B8-60E7-4683-ADED-AB53952F425A} = {198CB8B8-60E7-4683-ADED-AB53952F425A}
	EndProjectSection
EndProject
Project("{2150E333-8FDC-42A3-9474-1A3956D46DE8}") = "PonyMLR.Modules", "PonyMLR.Modules", "{177B9D5D-9BD1-4B9F-A481-F4E9255E40D0}"
EndProject
Project("{2150E333-8FDC-42A3-9474-1A3956D46DE8}") = "PonyMLR.Common", "PonyMLR.Common", "{6F87AA1D-60F3-4ADA-A961-73DF6C92EBE2}"
EndProject
Project("{FAE04EC0-301F-11D3-BF4B-00C04F79EFBC}") = "PonyMLR.Infrastructure", "Desktop\Common\PonyMLR.Infrastructure\PonyMLR.Infrastructure.csproj", "{DD146A7D-01AE-44D7-B4BF-3182FE3B12C2}"
EndProject
Project("{FAE04EC0-301F-11D3-BF4B-00C04F79EFBC}") = "PonyMLR.DataAccess", "Desktop\Common\PonyMLR.DataAccess\PonyMLR.DataAccess.csproj", "{198CB8B8-60E7-4683-ADED-AB53952F425A}"
EndProject
Project("{FAE04EC0-301F-11D3-BF4B-00C04F79EFBC}") = "PonyMLR.WebScraper", "Desktop\Common\PonyMLR.WebScraper\PonyMLR.WebScraper.csproj", "{EDA76F5D-C969-492F-81F4-06BD09B6C51D}"
EndProject
Project("{FAE04EC0-301F-11D3-BF4B-00C04F79EFBC}") = "PonyMLR.Modules.Manage", "Desktop\PonyMLR.Modules\PonyMLR.Modules.Manage\PonyMLR.Modules.Manage.csproj", "{23A7EC0F-CE2B-493D-A43E-88242873F2C3}"
EndProject
Project("{FAE04EC0-301F-11D3-BF4B-00C04F79EFBC}") = "PonyMLR.Modules.Calculate", "Desktop\PonyMLR.Modules\PonyMLR.Modules.Calculate\PonyMLR.Modules.Calculate.csproj", "{E018BF54-C31F-4D69-8B50-0521381BDA8A}"
EndProject
Project("{2150E333-8FDC-42A3-9474-1A3956D46DE8}") = "PonyMLR.Core", "PonyMLR.Core", "{8D513492-E325-4153-9CFA-3D38AC539687}"
EndProject
Project("{FAE04EC0-301F-11D3-BF4B-00C04F79EFBC}") = "PonyMLR.Core.DatabaseSelect", "Desktop\PonyMLR.Core\PonyMLR.Core.DatabaseSelect\PonyMLR.Core.DatabaseSelect.csproj", "{03787220-5BE2-408A-9BB5-1E201E5AEBE9}"
EndProject
Project("{FAE04EC0-301F-11D3-BF4B-00C04F79EFBC}") = "PonyMLR.Core.StatusBar", "Desktop\PonyMLR.Core\PonyMLR.Core.StatusBar\PonyMLR.Core.StatusBar.csproj", "{0BF526AC-69A5-4D94-AF13-D8A510619292}"
EndProject
Project("{FAE04EC0-301F-11D3-BF4B-00C04F79EFBC}") = "PonyMLR.Core.ResearchPanel", "Desktop\PonyMLR.Core\PonyMLR.Core.ResearchPanel\PonyMLR.Core.ResearchPanel.csproj", "{33398FB7-9010-4C1D-AB01-C40EC93B4D88}"
EndProject
Project("{54435603-DBB4-11D2-8724-00A0C9A8B90C}") = "PonyMLR.Setup", "Desktop\PonyMLR.Setup\PonyMLR.Setup.vdproj", "{87A36C1B-D62A-4DE5-BE01-B18AF2FF5B59}"
EndProject
Project("{FAE04EC0-301F-11D3-BF4B-00C04F79EFBC}") = "PonyMLR.Modules.Build", "Desktop\PonyMLR.Modules\PonyMLR.Modules.Build\PonyMLR.Modules.Build.csproj", "{FB948545-7E00-43B9-9C9C-98C335A319EE}"
EndProject
Project("{FAE04EC0-301F-11D3-BF4B-00C04F79EFBC}") = "PonyMLR.Logit", "Desktop\Common\PonyMLR.Logit\PonyMLR.Logit.csproj", "{23DCD7A5-988A-4447-9561-50945B1838FC}"
EndProject
Project("{FAE04EC0-301F-11D3-BF4B-00C04F79EFBC}") = "PonyMLR.Modules.Test", "Desktop\PonyMLR.Modules\PonyMLR.Modules.Test\PonyMLR.Modules.Test.csproj", "{8983EF62-15D4-4ABE-9625-1975981F9091}"
EndProject
Global
	GlobalSection(SolutionConfigurationPlatforms) = preSolution
		Debug|Any CPU = Debug|Any CPU
		Release|Any CPU = Release|Any CPU
	EndGlobalSection
	GlobalSection(ProjectConfigurationPlatforms) = postSolution
		{49DF6AED-5278-476D-A748-5C413284E007}.Debug|Any CPU.ActiveCfg = Debug|Any CPU
		{49DF6AED-5278-476D-A748-5C413284E007}.Debug|Any CPU.Build.0 = Debug|Any CPU
		{49DF6AED-5278-476D-A748-5C413284E007}.Release|Any CPU.ActiveCfg = Release|Any CPU
		{49DF6AED-5278-476D-A748-5C413284E007}.Release|Any CPU.Build.0 = Release|Any CPU
		{DD146A7D-01AE-44D7-B4BF-3182FE3B12C2}.Debug|Any CPU.ActiveCfg = Debug|Any CPU
		{DD146A7D-01AE-44D7-B4BF-3182FE3B12C2}.Debug|Any CPU.Build.0 = Debug|Any CPU
		{DD146A7D-01AE-44D7-B4BF-3182FE3B12C2}.Release|Any CPU.ActiveCfg = Release|Any CPU
		{DD146A7D-01AE-44D7-B4BF-3182FE3B12C2}.Release|Any CPU.Build.0 = Release|Any CPU
		{198CB8B8-60E7-4683-ADED-AB53952F425A}.Debug|Any CPU.ActiveCfg = Debug|Any CPU
		{198CB8B8-60E7-4683-ADED-AB53952F425A}.Debug|Any CPU.Build.0 = Debug|Any CPU
		{198CB8B8-60E7-4683-ADED-AB53952F425A}.Release|Any CPU.ActiveCfg = Release|Any CPU
		{198CB8B8-60E7-4683-ADED-AB53952F425A}.Release|Any CPU.Build.0 = Release|Any CPU
		{EDA76F5D-C969-492F-81F4-06BD09B6C51D}.Debug|Any CPU.ActiveCfg = Debug|Any CPU
		{EDA76F5D-C969-492F-81F4-06BD09B6C51D}.Debug|Any CPU.Build.0 = Debug|Any CPU
		{EDA76F5D-C969-492F-81F4-06BD09B6C51D}.Release|Any CPU.ActiveCfg = Release|Any CPU
		{EDA76F5D-C969-492F-81F4-06BD09B6C51D}.Release|Any CPU.Build.0 = Release|Any CPU
		{23A7EC0F-CE2B-493D-A43E-88242873F2C3}.Debug|Any CPU.ActiveCfg = Debug|Any CPU
		{23A7EC0F-CE2B-493D-A43E-88242873F2C3}.Debug|Any CPU.Build.0 = Debug|Any CPU
		{23A7EC0F-CE2B-493D-A43E-88242873F2C3}.Release|Any CPU.ActiveCfg = Release|Any CPU
		{23A7EC0F-CE2B-493D-A43E-88242873F2C3}.Release|Any CPU.Build.0 = Release|Any CPU
		{E018BF54-C31F-4D69-8B50-0521381BDA8A}.Debug|Any CPU.ActiveCfg = Debug|Any CPU
		{E018BF54-C31F-4D69-8B50-0521381BDA8A}.Debug|Any CPU.Build.0 = Debug|Any CPU
		{E018BF54-C31F-4D69-8B50-0521381BDA8A}.Release|Any CPU.ActiveCfg = Release|Any CPU
		{E018BF54-C31F-4D69-8B50-0521381BDA8A}.Release|Any CPU.Build.0 = Release|Any CPU
		{03787220-5BE2-408A-9BB5-1E201E5AEBE9}.Debug|Any CPU.ActiveCfg = Debug|Any CPU
		{03787220-5BE2-408A-9BB5-1E201E5AEBE9}.Debug|Any CPU.Build.0 = Debug|Any CPU
		{03787220-5BE2-408A-9BB5-1E201E5AEBE9}.Release|Any CPU.ActiveCfg = Release|Any CPU
		{03787220-5BE2-408A-9BB5-1E201E5AEBE9}.Release|Any CPU.Build.0 = Release|Any CPU
		{0BF526AC-69A5-4D94-AF13-D8A510619292}.Debug|Any CPU.ActiveCfg = Debug|Any CPU
		{0BF526AC-69A5-4D94-AF13-D8A510619292}.Debug|Any CPU.Build.0 = Debug|Any CPU
		{0BF526AC-69A5-4D94-AF13-D8A510619292}.Release|Any CPU.ActiveCfg = Release|Any CPU
		{0BF526AC-69A5-4D94-AF13-D8A510619292}.Release|Any CPU.Build.0 = Release|Any CPU
		{33398FB7-9010-4C1D-AB01-C40EC93B4D88}.Debug|Any CPU.ActiveCfg = Debug|Any CPU
		{33398FB7-9010-4C1D-AB01-C40EC93B4D88}.Debug|Any CPU.Build.0 = Debug|Any CPU
		{33398FB7-9010-4C1D-AB01-C40EC93B4D88}.Release|Any CPU.ActiveCfg = Release|Any CPU
		{33398FB7-9010-4C1D-AB01-C40EC93B4D88}.Release|Any CPU.Build.0 = Release|Any CPU
		{87A36C1B-D62A-4DE5-BE01-B18AF2FF5B59}.Debug|Any CPU.ActiveCfg = Debug
		{87A36C1B-D62A-4DE5-BE01-B18AF2FF5B59}.Release|Any CPU.ActiveCfg = Release
		{FB948545-7E00-43B9-9C9C-98C335A319EE}.Debug|Any CPU.ActiveCfg = Debug|Any CPU
		{FB948545-7E00-43B9-9C9C-98C335A319EE}.Debug|Any CPU.Build.0 = Debug|Any CPU
		{FB948545-7E00-43B9-9C9C-98C335A319EE}.Release|Any CPU.ActiveCfg = Release|Any CPU
		{FB948545-7E00-43B9-9C9C-98C335A319EE}.Release|Any CPU.Build.0 = Release|Any CPU
		{23DCD7A5-988A-4447-9561-50945B1838FC}.Debug|Any CPU.ActiveCfg = Debug|Any CPU
		{23DCD7A5-988A-4447-9561-50945B1838FC}.Debug|Any CPU.Build.0 = Debug|Any CPU
		{23DCD7A5-988A-4447-9561-50945B1838FC}.Release|Any CPU.ActiveCfg = Release|Any CPU
		{23DCD7A5-988A-4447-9561-50945B1838FC}.Release|Any CPU.Build.0 = Release|Any CPU
		{8983EF62-15D4-4ABE-9625-1975981F9091}.Debug|Any CPU.ActiveCfg = Debug|Any CPU
		{8983EF62-15D4-4ABE-9625-1975981F9091}.Debug|Any CPU.Build.0 = Debug|Any CPU
		{8983EF62-15D4-4ABE-9625-1975981F9091}.Release|Any CPU.ActiveCfg = Release|Any CPU
		{8983EF62-15D4-4ABE-9625-1975981F9091}.Release|Any CPU.Build.0 = Release|Any CPU
	EndGlobalSection
	GlobalSection(SolutionProperties) = preSolution
		HideSolutionNode = FALSE
	EndGlobalSection
	GlobalSection(NestedProjects) = preSolution
		{23A7EC0F-CE2B-493D-A43E-88242873F2C3} = {177B9D5D-9BD1-4B9F-A481-F4E9255E40D0}
		{E018BF54-C31F-4D69-8B50-0521381BDA8A} = {177B9D5D-9BD1-4B9F-A481-F4E9255E40D0}
		{FB948545-7E00-43B9-9C9C-98C335A319EE} = {177B9D5D-9BD1-4B9F-A481-F4E9255E40D0}
		{8983EF62-15D4-4ABE-9625-1975981F9091} = {177B9D5D-9BD1-4B9F-A481-F4E9255E40D0}
		{DD146A7D-01AE-44D7-B4BF-3182FE3B12C2} = {6F87AA1D-60F3-4ADA-A961-73DF6C92EBE2}
		{198CB8B8-60E7-4683-ADED-AB53952F425A} = {6F87AA1D-60F3-4ADA-A961-73DF6C92EBE2}
		{EDA76F5D-C969-492F-81F4-06BD09B6C51D} = {6F87AA1D-60F3-4ADA-A961-73DF6C92EBE2}
		{23DCD7A5-988A-4447-9561-50945B1838FC} = {6F87AA1D-60F3-4ADA-A961-73DF6C92EBE2}
		{03787220-5BE2-408A-9BB5-1E201E5AEBE9} = {8D513492-E325-4153-9CFA-3D38AC539687}
		{0BF526AC-69A5-4D94-AF13-D8A510619292} = {8D513492-E325-4153-9CFA-3D38AC539687}
		{33398FB7-9010-4C1D-AB01-C40EC93B4D88} = {8D513492-E325-4153-9CFA-3D38AC539687}
	EndGlobalSection
EndGlobal
